Microsoft Visual Studio Solution File, Format Version 12.00
# Visual Studio Version 17
VisualStudioVersion = 17.8.34309.116
MinimumVisualStudioVersion = 10.0.40219.1
Project("{9A19103F-16F7-4668-BE54-9A1E7A4F7556}") = "VlAutoUpdateTool", "VlAutoUpdateTool\VlAutoUpdateTool.csproj", "{38418BD3-2430-49CB-A32B-F048B611DFDC}"
EndProject
Project("{9A19103F-16F7-4668-BE54-9A1E7A4F7556}") = "VlAutoUpdateClient", "VlAutoUpdateClient\VlAutoUpdateClient.csproj", "{80CD2954-80B0-4A40-9C4B-20C5414518C9}"
EndProject
Global
	GlobalSection(SolutionConfigurationPlatforms) = preSolution
		Debug|Any CPU = Debug|Any CPU
		Release|Any CPU = Release|Any CPU
	EndGlobalSection
	GlobalSection(ProjectConfigurationPlatforms) = postSolution
		{38418BD3-2430-49CB-A32B-F048B611DFDC}.Debug|Any CPU.ActiveCfg = Debug|Any CPU
		{38418BD3-2430-49CB-A32B-F048B611DFDC}.Debug|Any CPU.Build.0 = Debug|Any CPU
		{38418BD3-2430-49CB-A32B-F048B611DFDC}.Release|Any CPU.ActiveCfg = Release|Any CPU
		{38418BD3-2430-49CB-A32B-F048B611DFDC}.Release|Any CPU.Build.0 = Release|Any CPU
		{80CD2954-80B0-4A40-9C4B-20C5414518C9}.Debug|Any CPU.ActiveCfg = Debug|Any CPU
		{80CD2954-80B0-4A40-9C4B-20C5414518C9}.Debug|Any CPU.Build.0 = Debug|Any CPU
		{80CD2954-80B0-4A40-9C4B-20C5414518C9}.Release|Any CPU.ActiveCfg = Release|Any CPU
		{80CD2954-80B0-4A40-9C4B-20C5414518C9}.Release|Any CPU.Build.0 = Release|Any CPU
	EndGlobalSection
	GlobalSection(SolutionProperties) = preSolution
		HideSolutionNode = FALSE
	EndGlobalSection
	GlobalSection(ExtensibilityGlobals) = postSolution
		SolutionGuid = {78F1C578-126A-410A-B323-4DFF5E990886}
	EndGlobalSection
EndGlobal
